
Microsoft Visual Studio Solution File, Format Version 12.00
# Visual Studio Version 16
VisualStudioVersion = 16.0.30503.244
MinimumVisualStudioVersion = 15.0.26124.0
Project("{2150E333-8FDC-42A3-9474-1A3956D46DE8}") = "src", "src", "{50803D61-07AF-473A-8CE5-8E5EA8EA53F4}"
EndProject
Project("{9A19103F-16F7-4668-BE54-9A1E7A4F7556}") = "ApplicationCore", "src\ApplicationCore\ApplicationCore.csproj", "{4B39414A-70D7-465A-A89D-A45BCFEAAE23}"
EndProject
Project("{9A19103F-16F7-4668-BE54-9A1E7A4F7556}") = "Infrastructure", "src\Infrastructure\Infrastructure.csproj", "{79152F88-74ED-4F9F-A447-6E1F67025779}"
EndProject
Project("{9A19103F-16F7-4668-BE54-9A1E7A4F7556}") = "Web", "src\Web\Web.csproj", "{57B1DA04-C70E-4451-A53C-05B57E88EA13}"
EndProject
Project("{FAE04EC0-301F-11D3-BF4B-00C04F79EFBC}") = "Factory", "src\Factory\Factory.csproj", "{1E0D7CA5-E9D0-40FE-BD73-DC9713AD3BED}"
EndProject
Project("{FAE04EC0-301F-11D3-BF4B-00C04F79EFBC}") = "Entities", "src\Entities\Entities.csproj", "{665E899C-7168-420A-A073-84B83BCD4EC7}"
EndProject
Project("{9A19103F-16F7-4668-BE54-9A1E7A4F7556}") = "tests", "tests\tests.csproj", "{405F6E49-A994-4F37-B173-40CD7F55524B}"
EndProject
Global
	GlobalSection(SolutionConfigurationPlatforms) = preSolution
		Debug|Any CPU = Debug|Any CPU
		Debug|x64 = Debug|x64
		Debug|x86 = Debug|x86
		Release|Any CPU = Release|Any CPU
		Release|x64 = Release|x64
		Release|x86 = Release|x86
	EndGlobalSection
	GlobalSection(ProjectConfigurationPlatforms) = postSolution
		{4B39414A-70D7-465A-A89D-A45BCFEAAE23}.Debug|Any CPU.ActiveCfg = Debug|Any CPU
		{4B39414A-70D7-465A-A89D-A45BCFEAAE23}.Debug|Any CPU.Build.0 = Debug|Any CPU
		{4B39414A-70D7-465A-A89D-A45BCFEAAE23}.Debug|x64.ActiveCfg = Debug|Any CPU
		{4B39414A-70D7-465A-A89D-A45BCFEAAE23}.Debug|x64.Build.0 = Debug|Any CPU
		{4B39414A-70D7-465A-A89D-A45BCFEAAE23}.Debug|x86.ActiveCfg = Debug|Any CPU
		{4B39414A-70D7-465A-A89D-A45BCFEAAE23}.Debug|x86.Build.0 = Debug|Any CPU
		{4B39414A-70D7-465A-A89D-A45BCFEAAE23}.Release|Any CPU.ActiveCfg = Release|Any CPU
		{4B39414A-70D7-465A-A89D-A45BCFEAAE23}.Release|Any CPU.Build.0 = Release|Any CPU
		{4B39414A-70D7-465A-A89D-A45BCFEAAE23}.Release|x64.ActiveCfg = Release|Any CPU
		{4B39414A-70D7-465A-A89D-A45BCFEAAE23}.Release|x64.Build.0 = Release|Any CPU
		{4B39414A-70D7-465A-A89D-A45BCFEAAE23}.Release|x86.ActiveCfg = Release|Any CPU
		{4B39414A-70D7-465A-A89D-A45BCFEAAE23}.Release|x86.Build.0 = Release|Any CPU
		{79152F88-74ED-4F9F-A447-6E1F67025779}.Debug|Any CPU.ActiveCfg = Debug|Any CPU
		{79152F88-74ED-4F9F-A447-6E1F67025779}.Debug|Any CPU.Build.0 = Debug|Any CPU
		{79152F88-74ED-4F9F-A447-6E1F67025779}.Debug|x64.ActiveCfg = Debug|Any CPU
		{79152F88-74ED-4F9F-A447-6E1F67025779}.Debug|x64.Build.0 = Debug|Any CPU
		{79152F88-74ED-4F9F-A447-6E1F67025779}.Debug|x86.ActiveCfg = Debug|Any CPU
		{79152F88-74ED-4F9F-A447-6E1F67025779}.Debug|x86.Build.0 = Debug|Any CPU
		{79152F88-74ED-4F9F-A447-6E1F67025779}.Release|Any CPU.ActiveCfg = Release|Any CPU
		{79152F88-74ED-4F9F-A447-6E1F67025779}.Release|Any CPU.Build.0 = Release|Any CPU
		{79152F88-74ED-4F9F-A447-6E1F67025779}.Release|x64.ActiveCfg = Release|Any CPU
		{79152F88-74ED-4F9F-A447-6E1F67025779}.Release|x64.Build.0 = Release|Any CPU
		{79152F88-74ED-4F9F-A447-6E1F67025779}.Release|x86.ActiveCfg = Release|Any CPU
		{79152F88-74ED-4F9F-A447-6E1F67025779}.Release|x86.Build.0 = Release|Any CPU
		{57B1DA04-C70E-4451-A53C-05B57E88EA13}.Debug|Any CPU.ActiveCfg = Debug|Any CPU
		{57B1DA04-C70E-4451-A53C-05B57E88EA13}.Debug|Any CPU.Build.0 = Debug|Any CPU
		{57B1DA04-C70E-4451-A53C-05B57E88EA13}.Debug|x64.ActiveCfg = Debug|Any CPU
		{57B1DA04-C70E-4451-A53C-05B57E88EA13}.Debug|x64.Build.0 = Debug|Any CPU
		{57B1DA04-C70E-4451-A53C-05B57E88EA13}.Debug|x86.ActiveCfg = Debug|Any CPU
		{57B1DA04-C70E-4451-A53C-05B57E88EA13}.Debug|x86.Build.0 = Debug|Any CPU
		{57B1DA04-C70E-4451-A53C-05B57E88EA13}.Release|Any CPU.ActiveCfg = Release|Any CPU
		{57B1DA04-C70E-4451-A53C-05B57E88EA13}.Release|Any CPU.Build.0 = Release|Any CPU
		{57B1DA04-C70E-4451-A53C-05B57E88EA13}.Release|x64.ActiveCfg = Release|Any CPU
		{57B1DA04-C70E-4451-A53C-05B57E88EA13}.Release|x64.Build.0 = Release|Any CPU
		{57B1DA04-C70E-4451-A53C-05B57E88EA13}.Release|x86.ActiveCfg = Release|Any CPU
		{57B1DA04-C70E-4451-A53C-05B57E88EA13}.Release|x86.Build.0 = Release|Any CPU
		{405F6E49-A994-4F37-B173-40CD7F55524B}.Debug|Any CPU.ActiveCfg = Debug|Any CPU
		{405F6E49-A994-4F37-B173-40CD7F55524B}.Debug|Any CPU.Build.0 = Debug|Any CPU
		{405F6E49-A994-4F37-B173-40CD7F55524B}.Debug|x64.ActiveCfg = Debug|Any CPU
		{405F6E49-A994-4F37-B173-40CD7F55524B}.Debug|x64.Build.0 = Debug|Any CPU
		{405F6E49-A994-4F37-B173-40CD7F55524B}.Debug|x86.ActiveCfg = Debug|Any CPU
		{405F6E49-A994-4F37-B173-40CD7F55524B}.Debug|x86.Build.0 = Debug|Any CPU
		{405F6E49-A994-4F37-B173-40CD7F55524B}.Release|Any CPU.ActiveCfg = Release|Any CPU
		{405F6E49-A994-4F37-B173-40CD7F55524B}.Release|Any CPU.Build.0 = Release|Any CPU
		{405F6E49-A994-4F37-B173-40CD7F55524B}.Release|x64.ActiveCfg = Release|Any CPU
		{405F6E49-A994-4F37-B173-40CD7F55524B}.Release|x64.Build.0 = Release|Any CPU
		{405F6E49-A994-4F37-B173-40CD7F55524B}.Release|x86.ActiveCfg = Release|Any CPU
		{405F6E49-A994-4F37-B173-40CD7F55524B}.Release|x86.Build.0 = Release|Any CPU
		{1E0D7CA5-E9D0-40FE-BD73-DC9713AD3BED}.Debug|Any CPU.ActiveCfg = Debug|Any CPU
		{1E0D7CA5-E9D0-40FE-BD73-DC9713AD3BED}.Debug|Any CPU.Build.0 = Debug|Any CPU
		{1E0D7CA5-E9D0-40FE-BD73-DC9713AD3BED}.Debug|x64.ActiveCfg = Debug|Any CPU
		{1E0D7CA5-E9D0-40FE-BD73-DC9713AD3BED}.Debug|x64.Build.0 = Debug|Any CPU
		{1E0D7CA5-E9D0-40FE-BD73-DC9713AD3BED}.Debug|x86.ActiveCfg = Debug|Any CPU
		{1E0D7CA5-E9D0-40FE-BD73-DC9713AD3BED}.Debug|x86.Build.0 = Debug|Any CPU
		{1E0D7CA5-E9D0-40FE-BD73-DC9713AD3BED}.Release|Any CPU.ActiveCfg = Release|Any CPU
		{1E0D7CA5-E9D0-40FE-BD73-DC9713AD3BED}.Release|Any CPU.Build.0 = Release|Any CPU
		{1E0D7CA5-E9D0-40FE-BD73-DC9713AD3BED}.Release|x64.ActiveCfg = Release|Any CPU
		{1E0D7CA5-E9D0-40FE-BD73-DC9713AD3BED}.Release|x64.Build.0 = Release|Any CPU
		{1E0D7CA5-E9D0-40FE-BD73-DC9713AD3BED}.Release|x86.ActiveCfg = Release|Any CPU
		{1E0D7CA5-E9D0-40FE-BD73-DC9713AD3BED}.Release|x86.Build.0 = Release|Any CPU
		{665E899C-7168-420A-A073-84B83BCD4EC7}.Debug|Any CPU.ActiveCfg = Debug|Any CPU
		{665E899C-7168-420A-A073-84B83BCD4EC7}.Debug|Any CPU.Build.0 = Debug|Any CPU
		{665E899C-7168-420A-A073-84B83BCD4EC7}.Debug|x64.ActiveCfg = Debug|Any CPU
		{665E899C-7168-420A-A073-84B83BCD4EC7}.Debug|x64.Build.0 = Debug|Any CPU
		{665E899C-7168-420A-A073-84B83BCD4EC7}.Debug|x86.ActiveCfg = Debug|Any CPU
		{665E899C-7168-420A-A073-84B83BCD4EC7}.Debug|x86.Build.0 = Debug|Any CPU
		{665E899C-7168-420A-A073-84B83BCD4EC7}.Release|Any CPU.ActiveCfg = Release|Any CPU
		{665E899C-7168-420A-A073-84B83BCD4EC7}.Release|Any CPU.Build.0 = Release|Any CPU
		{665E899C-7168-420A-A073-84B83BCD4EC7}.Release|x64.ActiveCfg = Release|Any CPU
		{665E899C-7168-420A-A073-84B83BCD4EC7}.Release|x64.Build.0 = Release|Any CPU
		{665E899C-7168-420A-A073-84B83BCD4EC7}.Release|x86.ActiveCfg = Release|Any CPU
		{665E899C-7168-420A-A073-84B83BCD4EC7}.Release|x86.Build.0 = Release|Any CPU
	EndGlobalSection
	GlobalSection(SolutionProperties) = preSolution
		HideSolutionNode = FALSE
	EndGlobalSection
	GlobalSection(NestedProjects) = preSolution
		{4B39414A-70D7-465A-A89D-A45BCFEAAE23} = {50803D61-07AF-473A-8CE5-8E5EA8EA53F4}
		{79152F88-74ED-4F9F-A447-6E1F67025779} = {50803D61-07AF-473A-8CE5-8E5EA8EA53F4}
		{57B1DA04-C70E-4451-A53C-05B57E88EA13} = {50803D61-07AF-473A-8CE5-8E5EA8EA53F4}
		{1E0D7CA5-E9D0-40FE-BD73-DC9713AD3BED} = {50803D61-07AF-473A-8CE5-8E5EA8EA53F4}
		{665E899C-7168-420A-A073-84B83BCD4EC7} = {50803D61-07AF-473A-8CE5-8E5EA8EA53F4}
	EndGlobalSection
	GlobalSection(ExtensibilityGlobals) = postSolution
		SolutionGuid = {DF40EFED-3C74-460E-A50A-8FCB2A68D54B}
	EndGlobalSection
EndGlobal
