
Microsoft Visual Studio Solution File, Format Version 12.00
# Visual Studio Version 16
VisualStudioVersion = 16.0.30503.244
MinimumVisualStudioVersion = 10.0.40219.1
Project("{FAE04EC0-301F-11D3-BF4B-00C04F79EFBC}") = "Domain", "Domain\Domain.csproj", "{34913090-318A-41B8-9CB2-4BB5CB9F32F4}"
EndProject
Project("{FAE04EC0-301F-11D3-BF4B-00C04F79EFBC}") = "DomainTest", "DomainTest\DomainTest.csproj", "{7C8DA258-81D2-4F69-BA0D-34CC6B57EABF}"
EndProject
Global
	GlobalSection(SolutionConfigurationPlatforms) = preSolution
		Debug|Any CPU = Debug|Any CPU
		Release|Any CPU = Release|Any CPU
	EndGlobalSection
	GlobalSection(ProjectConfigurationPlatforms) = postSolution
		{34913090-318A-41B8-9CB2-4BB5CB9F32F4}.Debug|Any CPU.ActiveCfg = Debug|Any CPU
		{34913090-318A-41B8-9CB2-4BB5CB9F32F4}.Debug|Any CPU.Build.0 = Debug|Any CPU
		{34913090-318A-41B8-9CB2-4BB5CB9F32F4}.Release|Any CPU.ActiveCfg = Release|Any CPU
		{34913090-318A-41B8-9CB2-4BB5CB9F32F4}.Release|Any CPU.Build.0 = Release|Any CPU
		{7C8DA258-81D2-4F69-BA0D-34CC6B57EABF}.Debug|Any CPU.ActiveCfg = Debug|Any CPU
		{7C8DA258-81D2-4F69-BA0D-34CC6B57EABF}.Debug|Any CPU.Build.0 = Debug|Any CPU
		{7C8DA258-81D2-4F69-BA0D-34CC6B57EABF}.Release|Any CPU.ActiveCfg = Release|Any CPU
		{7C8DA258-81D2-4F69-BA0D-34CC6B57EABF}.Release|Any CPU.Build.0 = Release|Any CPU
	EndGlobalSection
	GlobalSection(SolutionProperties) = preSolution
		HideSolutionNode = FALSE
	EndGlobalSection
	GlobalSection(ExtensibilityGlobals) = postSolution
		SolutionGuid = {28D0781F-3C74-4BC5-8AC9-9EEF87458AEA}
	EndGlobalSection
EndGlobal
